// !$*UTF8*$!
{
	archiveVersion = 1;
	classes = {
	};
	objectVersion = 56;
	objects = {

/* Begin PBXBuildFile section */
		1614029B2A0A1BCA0040E15E /* PieChartVC.swift in Sources */ = {isa = PBXBuildFile; fileRef = 1614029A2A0A1BCA0040E15E /* PieChartVC.swift */; };
		1614029D2A0A1BEB0040E15E /* GraphVC.swift in Sources */ = {isa = PBXBuildFile; fileRef = 1614029C2A0A1BEB0040E15E /* GraphVC.swift */; };
		1614029F2A0A1C0D0040E15E /* RecordVC.swift in Sources */ = {isa = PBXBuildFile; fileRef = 1614029E2A0A1C0D0040E15E /* RecordVC.swift */; };
		161402A12A0A1C280040E15E /* RecordDescriptionVC.swift in Sources */ = {isa = PBXBuildFile; fileRef = 161402A02A0A1C280040E15E /* RecordDescriptionVC.swift */; };
		161402A32A0A1C570040E15E /* SettingsVC.swift in Sources */ = {isa = PBXBuildFile; fileRef = 161402A22A0A1C570040E15E /* SettingsVC.swift */; };
		161402A52A0A1C860040E15E /* CategoriesListVC.swift in Sources */ = {isa = PBXBuildFile; fileRef = 161402A42A0A1C860040E15E /* CategoriesListVC.swift */; };
		161402AA2A0A297E0040E15E /* RecordType.swift in Sources */ = {isa = PBXBuildFile; fileRef = 161402A92A0A297E0040E15E /* RecordType.swift */; };
		161402B82A0A42BA0040E15E /* MoneyTrackerView.swift in Sources */ = {isa = PBXBuildFile; fileRef = 161402B72A0A42BA0040E15E /* MoneyTrackerView.swift */; };
		161402BE2A0A4FB80040E15E /* TabBar.swift in Sources */ = {isa = PBXBuildFile; fileRef = 161402BD2A0A4FB80040E15E /* TabBar.swift */; };
		161402C22A0A761F0040E15E /* SearchController.swift in Sources */ = {isa = PBXBuildFile; fileRef = 161402C12A0A761F0040E15E /* SearchController.swift */; };
		161402C42A0B5DA50040E15E /* DatabaseManager.swift in Sources */ = {isa = PBXBuildFile; fileRef = 161402C32A0B5DA50040E15E /* DatabaseManager.swift */; };
		161402C72A0B79F70040E15E /* Record+CoreDataClass.swift in Sources */ = {isa = PBXBuildFile; fileRef = 161402C52A0B79F70040E15E /* Record+CoreDataClass.swift */; };
		161402C82A0B79F70040E15E /* Record+CoreDataProperties.swift in Sources */ = {isa = PBXBuildFile; fileRef = 161402C62A0B79F70040E15E /* Record+CoreDataProperties.swift */; };
		161402D62A0CADDF0040E15E /* Colors.swift in Sources */ = {isa = PBXBuildFile; fileRef = 161402D52A0CADDF0040E15E /* Colors.swift */; };
		161402DC2A0CF33F0040E15E /* RecordField.swift in Sources */ = {isa = PBXBuildFile; fileRef = 161402DB2A0CF33F0040E15E /* RecordField.swift */; };
		161402DE2A0D6F520040E15E /* CustomHeaderFooterView.swift in Sources */ = {isa = PBXBuildFile; fileRef = 161402DD2A0D6F520040E15E /* CustomHeaderFooterView.swift */; };
		161402E12A0E09050040E15E /* GenericTableViewController.swift in Sources */ = {isa = PBXBuildFile; fileRef = 161402E02A0E09050040E15E /* GenericTableViewController.swift */; };
		161402E32A0E5B2A0040E15E /* CustomTextFieldCell.swift in Sources */ = {isa = PBXBuildFile; fileRef = 161402E22A0E5B2A0040E15E /* CustomTextFieldCell.swift */; };
		161402E52A0E5D680040E15E /* CustomDisClosureCell.swift in Sources */ = {isa = PBXBuildFile; fileRef = 161402E42A0E5D680040E15E /* CustomDisClosureCell.swift */; };
		161402E72A0E5F370040E15E /* SelectionDelegate.swift in Sources */ = {isa = PBXBuildFile; fileRef = 161402E62A0E5F370040E15E /* SelectionDelegate.swift */; };
		161402EB2A0EABDC0040E15E /* TypeVC.swift in Sources */ = {isa = PBXBuildFile; fileRef = 161402EA2A0EABDC0040E15E /* TypeVC.swift */; };
		161402ED2A10BC190040E15E /* CategoryCell.swift in Sources */ = {isa = PBXBuildFile; fileRef = 161402EC2A10BC190040E15E /* CategoryCell.swift */; };
		161402EF2A11557A0040E15E /* Category.swift in Sources */ = {isa = PBXBuildFile; fileRef = 161402EE2A11557A0040E15E /* Category.swift */; };
		161402F12A1216530040E15E /* CustomDisclosureCellWithImage.swift in Sources */ = {isa = PBXBuildFile; fileRef = 161402F02A1216530040E15E /* CustomDisclosureCellWithImage.swift */; };
		161402F32A1240D10040E15E /* CustomDateCell.swift in Sources */ = {isa = PBXBuildFile; fileRef = 161402F22A1240D10040E15E /* CustomDateCell.swift */; };
		163063232A0A18D9009E6428 /* AppDelegate.swift in Sources */ = {isa = PBXBuildFile; fileRef = 163063222A0A18D9009E6428 /* AppDelegate.swift */; };
		163063252A0A18D9009E6428 /* SceneDelegate.swift in Sources */ = {isa = PBXBuildFile; fileRef = 163063242A0A18D9009E6428 /* SceneDelegate.swift */; };
		163063272A0A18D9009E6428 /* HomeVC.swift in Sources */ = {isa = PBXBuildFile; fileRef = 163063262A0A18D9009E6428 /* HomeVC.swift */; };
		1630632D2A0A18D9009E6428 /* ExpenseTracker.xcdatamodeld in Sources */ = {isa = PBXBuildFile; fileRef = 1630632B2A0A18D9009E6428 /* ExpenseTracker.xcdatamodeld */; };
		1630632F2A0A18DA009E6428 /* Assets.xcassets in Resources */ = {isa = PBXBuildFile; fileRef = 1630632E2A0A18DA009E6428 /* Assets.xcassets */; };
		163063322A0A18DA009E6428 /* LaunchScreen.storyboard in Resources */ = {isa = PBXBuildFile; fileRef = 163063302A0A18DA009E6428 /* LaunchScreen.storyboard */; };
/* End PBXBuildFile section */

/* Begin PBXFileReference section */
		1614029A2A0A1BCA0040E15E /* PieChartVC.swift */ = {isa = PBXFileReference; lastKnownFileType = sourcecode.swift; path = PieChartVC.swift; sourceTree = "<group>"; };
		1614029C2A0A1BEB0040E15E /* GraphVC.swift */ = {isa = PBXFileReference; lastKnownFileType = sourcecode.swift; path = GraphVC.swift; sourceTree = "<group>"; };
		1614029E2A0A1C0D0040E15E /* RecordVC.swift */ = {isa = PBXFileReference; lastKnownFileType = sourcecode.swift; path = RecordVC.swift; sourceTree = "<group>"; };
		161402A02A0A1C280040E15E /* RecordDescriptionVC.swift */ = {isa = PBXFileReference; lastKnownFileType = sourcecode.swift; path = RecordDescriptionVC.swift; sourceTree = "<group>"; };
		161402A22A0A1C570040E15E /* SettingsVC.swift */ = {isa = PBXFileReference; lastKnownFileType = sourcecode.swift; path = SettingsVC.swift; sourceTree = "<group>"; };
		161402A42A0A1C860040E15E /* CategoriesListVC.swift */ = {isa = PBXFileReference; lastKnownFileType = sourcecode.swift; path = CategoriesListVC.swift; sourceTree = "<group>"; };
		161402A92A0A297E0040E15E /* RecordType.swift */ = {isa = PBXFileReference; lastKnownFileType = sourcecode.swift; path = RecordType.swift; sourceTree = "<group>"; };
		161402B72A0A42BA0040E15E /* MoneyTrackerView.swift */ = {isa = PBXFileReference; lastKnownFileType = sourcecode.swift; path = MoneyTrackerView.swift; sourceTree = "<group>"; };
		161402BD2A0A4FB80040E15E /* TabBar.swift */ = {isa = PBXFileReference; lastKnownFileType = sourcecode.swift; path = TabBar.swift; sourceTree = "<group>"; };
		161402C12A0A761F0040E15E /* SearchController.swift */ = {isa = PBXFileReference; lastKnownFileType = sourcecode.swift; path = SearchController.swift; sourceTree = "<group>"; };
		161402C32A0B5DA50040E15E /* DatabaseManager.swift */ = {isa = PBXFileReference; lastKnownFileType = sourcecode.swift; path = DatabaseManager.swift; sourceTree = "<group>"; };
		161402C52A0B79F70040E15E /* Record+CoreDataClass.swift */ = {isa = PBXFileReference; lastKnownFileType = sourcecode.swift; path = "Record+CoreDataClass.swift"; sourceTree = "<group>"; };
		161402C62A0B79F70040E15E /* Record+CoreDataProperties.swift */ = {isa = PBXFileReference; lastKnownFileType = sourcecode.swift; path = "Record+CoreDataProperties.swift"; sourceTree = "<group>"; };
		161402D52A0CADDF0040E15E /* Colors.swift */ = {isa = PBXFileReference; lastKnownFileType = sourcecode.swift; path = Colors.swift; sourceTree = "<group>"; };
		161402DB2A0CF33F0040E15E /* RecordField.swift */ = {isa = PBXFileReference; lastKnownFileType = sourcecode.swift; path = RecordField.swift; sourceTree = "<group>"; };
		161402DD2A0D6F520040E15E /* CustomHeaderFooterView.swift */ = {isa = PBXFileReference; lastKnownFileType = sourcecode.swift; path = CustomHeaderFooterView.swift; sourceTree = "<group>"; };
		161402E02A0E09050040E15E /* GenericTableViewController.swift */ = {isa = PBXFileReference; lastKnownFileType = sourcecode.swift; path = GenericTableViewController.swift; sourceTree = "<group>"; };
		161402E22A0E5B2A0040E15E /* CustomTextFieldCell.swift */ = {isa = PBXFileReference; lastKnownFileType = sourcecode.swift; path = CustomTextFieldCell.swift; sourceTree = "<group>"; };
		161402E42A0E5D680040E15E /* CustomDisClosureCell.swift */ = {isa = PBXFileReference; lastKnownFileType = sourcecode.swift; path = CustomDisClosureCell.swift; sourceTree = "<group>"; };
		161402E62A0E5F370040E15E /* SelectionDelegate.swift */ = {isa = PBXFileReference; lastKnownFileType = sourcecode.swift; path = SelectionDelegate.swift; sourceTree = "<group>"; };
		161402EA2A0EABDC0040E15E /* TypeVC.swift */ = {isa = PBXFileReference; lastKnownFileType = sourcecode.swift; path = TypeVC.swift; sourceTree = "<group>"; };
		161402EC2A10BC190040E15E /* CategoryCell.swift */ = {isa = PBXFileReference; lastKnownFileType = sourcecode.swift; path = CategoryCell.swift; sourceTree = "<group>"; };
		161402EE2A11557A0040E15E /* Category.swift */ = {isa = PBXFileReference; lastKnownFileType = sourcecode.swift; path = Category.swift; sourceTree = "<group>"; };
		161402F02A1216530040E15E /* CustomDisclosureCellWithImage.swift */ = {isa = PBXFileReference; lastKnownFileType = sourcecode.swift; path = CustomDisclosureCellWithImage.swift; sourceTree = "<group>"; };
		161402F22A1240D10040E15E /* CustomDateCell.swift */ = {isa = PBXFileReference; lastKnownFileType = sourcecode.swift; path = CustomDateCell.swift; sourceTree = "<group>"; };
		1630631F2A0A18D9009E6428 /* ExpenseTracker.app */ = {isa = PBXFileReference; explicitFileType = wrapper.application; includeInIndex = 0; path = ExpenseTracker.app; sourceTree = BUILT_PRODUCTS_DIR; };
		163063222A0A18D9009E6428 /* AppDelegate.swift */ = {isa = PBXFileReference; lastKnownFileType = sourcecode.swift; path = AppDelegate.swift; sourceTree = "<group>"; };
		163063242A0A18D9009E6428 /* SceneDelegate.swift */ = {isa = PBXFileReference; lastKnownFileType = sourcecode.swift; path = SceneDelegate.swift; sourceTree = "<group>"; };
		163063262A0A18D9009E6428 /* HomeVC.swift */ = {isa = PBXFileReference; lastKnownFileType = sourcecode.swift; path = HomeVC.swift; sourceTree = "<group>"; };
		1630632C2A0A18D9009E6428 /* ExpenseTracker.xcdatamodel */ = {isa = PBXFileReference; lastKnownFileType = wrapper.xcdatamodel; path = ExpenseTracker.xcdatamodel; sourceTree = "<group>"; };
		1630632E2A0A18DA009E6428 /* Assets.xcassets */ = {isa = PBXFileReference; lastKnownFileType = folder.assetcatalog; path = Assets.xcassets; sourceTree = "<group>"; };
		163063312A0A18DA009E6428 /* Base */ = {isa = PBXFileReference; lastKnownFileType = file.storyboard; name = Base; path = Base.lproj/LaunchScreen.storyboard; sourceTree = "<group>"; };
		163063332A0A18DA009E6428 /* Info.plist */ = {isa = PBXFileReference; lastKnownFileType = text.plist.xml; path = Info.plist; sourceTree = "<group>"; };
/* End PBXFileReference section */

/* Begin PBXFrameworksBuildPhase section */
		1630631C2A0A18D9009E6428 /* Frameworks */ = {
			isa = PBXFrameworksBuildPhase;
			buildActionMask = 2147483647;
			files = (
			);
			runOnlyForDeploymentPostprocessing = 0;
		};
/* End PBXFrameworksBuildPhase section */

/* Begin PBXGroup section */
		161402A62A0A204E0040E15E /* ViewController */ = {
			isa = PBXGroup;
			children = (
				161402BC2A0A4F890040E15E /* TabBar */,
				161402B32A0A2DFB0040E15E /* Home */,
				161402B22A0A2D5E0040E15E /* Settings */,
				161402AF2A0A2BF70040E15E /* Chart */,
			);
			path = ViewController;
			sourceTree = "<group>";
		};
		161402A72A0A244C0040E15E /* CustomView */ = {
			isa = PBXGroup;
			children = (
				161402DF2A0E08CB0040E15E /* Generics */,
				161402B62A0A2F050040E15E /* Home */,
			);
			path = CustomView;
			sourceTree = "<group>";
		};
		161402A82A0A245D0040E15E /* Model */ = {
			isa = PBXGroup;
			children = (
				161402C52A0B79F70040E15E /* Record+CoreDataClass.swift */,
				161402C62A0B79F70040E15E /* Record+CoreDataProperties.swift */,
				161402B12A0A2D3F0040E15E /* Record */,
			);
			path = Model;
			sourceTree = "<group>";
		};
		161402AF2A0A2BF70040E15E /* Chart */ = {
			isa = PBXGroup;
			children = (
				1614029A2A0A1BCA0040E15E /* PieChartVC.swift */,
				1614029C2A0A1BEB0040E15E /* GraphVC.swift */,
			);
			path = Chart;
			sourceTree = "<group>";
		};
		161402B02A0A2D100040E15E /* Record */ = {
			isa = PBXGroup;
			children = (
				161402A02A0A1C280040E15E /* RecordDescriptionVC.swift */,
				1614029E2A0A1C0D0040E15E /* RecordVC.swift */,
				161402A42A0A1C860040E15E /* CategoriesListVC.swift */,
				161402DB2A0CF33F0040E15E /* RecordField.swift */,
				161402E62A0E5F370040E15E /* SelectionDelegate.swift */,
				161402EA2A0EABDC0040E15E /* TypeVC.swift */,
			);
			path = Record;
			sourceTree = "<group>";
		};
		161402B12A0A2D3F0040E15E /* Record */ = {
			isa = PBXGroup;
			children = (
				161402A92A0A297E0040E15E /* RecordType.swift */,
				161402EE2A11557A0040E15E /* Category.swift */,
			);
			path = Record;
			sourceTree = "<group>";
		};
		161402B22A0A2D5E0040E15E /* Settings */ = {
			isa = PBXGroup;
			children = (
				161402A22A0A1C570040E15E /* SettingsVC.swift */,
			);
			path = Settings;
			sourceTree = "<group>";
		};
		161402B32A0A2DFB0040E15E /* Home */ = {
			isa = PBXGroup;
			children = (
				163063262A0A18D9009E6428 /* HomeVC.swift */,
				161402B02A0A2D100040E15E /* Record */,
			);
			path = Home;
			sourceTree = "<group>";
		};
		161402B62A0A2F050040E15E /* Home */ = {
			isa = PBXGroup;
			children = (
				161402B72A0A42BA0040E15E /* MoneyTrackerView.swift */,
				161402DD2A0D6F520040E15E /* CustomHeaderFooterView.swift */,
				161402C12A0A761F0040E15E /* SearchController.swift */,
				161402E22A0E5B2A0040E15E /* CustomTextFieldCell.swift */,
				161402E42A0E5D680040E15E /* CustomDisClosureCell.swift */,
				161402EC2A10BC190040E15E /* CategoryCell.swift */,
				161402F02A1216530040E15E /* CustomDisclosureCellWithImage.swift */,
				161402F22A1240D10040E15E /* CustomDateCell.swift */,
			);
			path = Home;
			sourceTree = "<group>";
		};
		161402BA2A0A46C70040E15E /* Helper */ = {
			isa = PBXGroup;
			children = (
				161402D52A0CADDF0040E15E /* Colors.swift */,
			);
			path = Helper;
			sourceTree = "<group>";
		};
		161402BC2A0A4F890040E15E /* TabBar */ = {
			isa = PBXGroup;
			children = (
				161402BD2A0A4FB80040E15E /* TabBar.swift */,
			);
			path = TabBar;
			sourceTree = "<group>";
		};
		161402DF2A0E08CB0040E15E /* Generics */ = {
			isa = PBXGroup;
			children = (
				161402E02A0E09050040E15E /* GenericTableViewController.swift */,
			);
			path = Generics;
			sourceTree = "<group>";
		};
		163063162A0A18D9009E6428 = {
			isa = PBXGroup;
			children = (
				163063212A0A18D9009E6428 /* ExpenseTracker */,
				163063202A0A18D9009E6428 /* Products */,
			);
			sourceTree = "<group>";
		};
		163063202A0A18D9009E6428 /* Products */ = {
			isa = PBXGroup;
			children = (
				1630631F2A0A18D9009E6428 /* ExpenseTracker.app */,
			);
			name = Products;
			sourceTree = "<group>";
		};
		163063212A0A18D9009E6428 /* ExpenseTracker */ = {
			isa = PBXGroup;
			children = (
				161402BA2A0A46C70040E15E /* Helper */,
				161402A82A0A245D0040E15E /* Model */,
				161402A72A0A244C0040E15E /* CustomView */,
				161402A62A0A204E0040E15E /* ViewController */,
				163063392A0A18F6009E6428 /* CoreData */,
				163063222A0A18D9009E6428 /* AppDelegate.swift */,
				163063242A0A18D9009E6428 /* SceneDelegate.swift */,
				1630632E2A0A18DA009E6428 /* Assets.xcassets */,
				163063302A0A18DA009E6428 /* LaunchScreen.storyboard */,
				163063332A0A18DA009E6428 /* Info.plist */,
			);
			path = ExpenseTracker;
			sourceTree = "<group>";
		};
		163063392A0A18F6009E6428 /* CoreData */ = {
			isa = PBXGroup;
			children = (
				1630632B2A0A18D9009E6428 /* ExpenseTracker.xcdatamodeld */,
				161402C32A0B5DA50040E15E /* DatabaseManager.swift */,
			);
			path = CoreData;
			sourceTree = "<group>";
		};
/* End PBXGroup section */

/* Begin PBXNativeTarget section */
		1630631E2A0A18D9009E6428 /* ExpenseTracker */ = {
			isa = PBXNativeTarget;
			buildConfigurationList = 163063362A0A18DA009E6428 /* Build configuration list for PBXNativeTarget "ExpenseTracker" */;
			buildPhases = (
				1630631B2A0A18D9009E6428 /* Sources */,
				1630631C2A0A18D9009E6428 /* Frameworks */,
				1630631D2A0A18D9009E6428 /* Resources */,
			);
			buildRules = (
			);
			dependencies = (
			);
			name = ExpenseTracker;
			productName = ExpenseTracker;
			productReference = 1630631F2A0A18D9009E6428 /* ExpenseTracker.app */;
			productType = "com.apple.product-type.application";
		};
/* End PBXNativeTarget section */

/* Begin PBXProject section */
		163063172A0A18D9009E6428 /* Project object */ = {
			isa = PBXProject;
			attributes = {
				BuildIndependentTargetsInParallel = 1;
				LastSwiftUpdateCheck = 1420;
				LastUpgradeCheck = 1420;
				TargetAttributes = {
					1630631E2A0A18D9009E6428 = {
						CreatedOnToolsVersion = 14.2;
					};
				};
			};
			buildConfigurationList = 1630631A2A0A18D9009E6428 /* Build configuration list for PBXProject "ExpenseTracker" */;
			compatibilityVersion = "Xcode 14.0";
			developmentRegion = en;
			hasScannedForEncodings = 0;
			knownRegions = (
				en,
				Base,
			);
			mainGroup = 163063162A0A18D9009E6428;
			productRefGroup = 163063202A0A18D9009E6428 /* Products */;
			projectDirPath = "";
			projectRoot = "";
			targets = (
				1630631E2A0A18D9009E6428 /* ExpenseTracker */,
			);
		};
/* End PBXProject section */

/* Begin PBXResourcesBuildPhase section */
		1630631D2A0A18D9009E6428 /* Resources */ = {
			isa = PBXResourcesBuildPhase;
			buildActionMask = 2147483647;
			files = (
				163063322A0A18DA009E6428 /* LaunchScreen.storyboard in Resources */,
				1630632F2A0A18DA009E6428 /* Assets.xcassets in Resources */,
			);
			runOnlyForDeploymentPostprocessing = 0;
		};
/* End PBXResourcesBuildPhase section */

/* Begin PBXSourcesBuildPhase section */
		1630631B2A0A18D9009E6428 /* Sources */ = {
			isa = PBXSourcesBuildPhase;
			buildActionMask = 2147483647;
			files = (
				161402F32A1240D10040E15E /* CustomDateCell.swift in Sources */,
				161402A12A0A1C280040E15E /* RecordDescriptionVC.swift in Sources */,
				161402D62A0CADDF0040E15E /* Colors.swift in Sources */,
				161402B82A0A42BA0040E15E /* MoneyTrackerView.swift in Sources */,
				163063272A0A18D9009E6428 /* HomeVC.swift in Sources */,
				161402DE2A0D6F520040E15E /* CustomHeaderFooterView.swift in Sources */,
				161402C42A0B5DA50040E15E /* DatabaseManager.swift in Sources */,
				1614029F2A0A1C0D0040E15E /* RecordVC.swift in Sources */,
				1614029D2A0A1BEB0040E15E /* GraphVC.swift in Sources */,
				163063232A0A18D9009E6428 /* AppDelegate.swift in Sources */,
				163063252A0A18D9009E6428 /* SceneDelegate.swift in Sources */,
				161402E12A0E09050040E15E /* GenericTableViewController.swift in Sources */,
				161402E72A0E5F370040E15E /* SelectionDelegate.swift in Sources */,
				161402C82A0B79F70040E15E /* Record+CoreDataProperties.swift in Sources */,
				161402F12A1216530040E15E /* CustomDisclosureCellWithImage.swift in Sources */,
				161402ED2A10BC190040E15E /* CategoryCell.swift in Sources */,
				161402C72A0B79F70040E15E /* Record+CoreDataClass.swift in Sources */,
				1614029B2A0A1BCA0040E15E /* PieChartVC.swift in Sources */,
				161402BE2A0A4FB80040E15E /* TabBar.swift in Sources */,
				161402E52A0E5D680040E15E /* CustomDisClosureCell.swift in Sources */,
				161402C22A0A761F0040E15E /* SearchController.swift in Sources */,
				1630632D2A0A18D9009E6428 /* ExpenseTracker.xcdatamodeld in Sources */,
				161402A52A0A1C860040E15E /* CategoriesListVC.swift in Sources */,
				161402DC2A0CF33F0040E15E /* RecordField.swift in Sources */,
				161402E32A0E5B2A0040E15E /* CustomTextFieldCell.swift in Sources */,
				161402EF2A11557A0040E15E /* Category.swift in Sources */,
				161402A32A0A1C570040E15E /* SettingsVC.swift in Sources */,
				161402AA2A0A297E0040E15E /* RecordType.swift in Sources */,
				161402EB2A0EABDC0040E15E /* TypeVC.swift in Sources */,
			);
			runOnlyForDeploymentPostprocessing = 0;
		};
/* End PBXSourcesBuildPhase section */

/* Begin PBXVariantGroup section */
		163063302A0A18DA009E6428 /* LaunchScreen.storyboard */ = {
			isa = PBXVariantGroup;
			children = (
				163063312A0A18DA009E6428 /* Base */,
			);
			name = LaunchScreen.storyboard;
			sourceTree = "<group>";
		};
/* End PBXVariantGroup section */

/* Begin XCBuildConfiguration section */
		163063342A0A18DA009E6428 /* Debug */ = {
			isa = XCBuildConfiguration;
			buildSettings = {
				ALWAYS_SEARCH_USER_PATHS = NO;
				CLANG_ANALYZER_NONNULL = YES;
				CLANG_ANALYZER_NUMBER_OBJECT_CONVERSION = YES_AGGRESSIVE;
				CLANG_CXX_LANGUAGE_STANDARD = "gnu++20";
				CLANG_ENABLE_MODULES = YES;
				CLANG_ENABLE_OBJC_ARC = YES;
				CLANG_ENABLE_OBJC_WEAK = YES;
				CLANG_WARN_BLOCK_CAPTURE_AUTORELEASING = YES;
				CLANG_WARN_BOOL_CONVERSION = YES;
				CLANG_WARN_COMMA = YES;
				CLANG_WARN_CONSTANT_CONVERSION = YES;
				CLANG_WARN_DEPRECATED_OBJC_IMPLEMENTATIONS = YES;
				CLANG_WARN_DIRECT_OBJC_ISA_USAGE = YES_ERROR;
				CLANG_WARN_DOCUMENTATION_COMMENTS = YES;
				CLANG_WARN_EMPTY_BODY = YES;
				CLANG_WARN_ENUM_CONVERSION = YES;
				CLANG_WARN_INFINITE_RECURSION = YES;
				CLANG_WARN_INT_CONVERSION = YES;
				CLANG_WARN_NON_LITERAL_NULL_CONVERSION = YES;
				CLANG_WARN_OBJC_IMPLICIT_RETAIN_SELF = YES;
				CLANG_WARN_OBJC_LITERAL_CONVERSION = YES;
				CLANG_WARN_OBJC_ROOT_CLASS = YES_ERROR;
				CLANG_WARN_QUOTED_INCLUDE_IN_FRAMEWORK_HEADER = YES;
				CLANG_WARN_RANGE_LOOP_ANALYSIS = YES;
				CLANG_WARN_STRICT_PROTOTYPES = YES;
				CLANG_WARN_SUSPICIOUS_MOVE = YES;
				CLANG_WARN_UNGUARDED_AVAILABILITY = YES_AGGRESSIVE;
				CLANG_WARN_UNREACHABLE_CODE = YES;
				CLANG_WARN__DUPLICATE_METHOD_MATCH = YES;
				COPY_PHASE_STRIP = NO;
				DEBUG_INFORMATION_FORMAT = dwarf;
				ENABLE_STRICT_OBJC_MSGSEND = YES;
				ENABLE_TESTABILITY = YES;
				GCC_C_LANGUAGE_STANDARD = gnu11;
				GCC_DYNAMIC_NO_PIC = NO;
				GCC_NO_COMMON_BLOCKS = YES;
				GCC_OPTIMIZATION_LEVEL = 0;
				GCC_PREPROCESSOR_DEFINITIONS = (
					"DEBUG=1",
					"$(inherited)",
				);
				GCC_WARN_64_TO_32_BIT_CONVERSION = YES;
				GCC_WARN_ABOUT_RETURN_TYPE = YES_ERROR;
				GCC_WARN_UNDECLARED_SELECTOR = YES;
				GCC_WARN_UNINITIALIZED_AUTOS = YES_AGGRESSIVE;
				GCC_WARN_UNUSED_FUNCTION = YES;
				GCC_WARN_UNUSED_VARIABLE = YES;
				IPHONEOS_DEPLOYMENT_TARGET = 16.2;
				MTL_ENABLE_DEBUG_INFO = INCLUDE_SOURCE;
				MTL_FAST_MATH = YES;
				ONLY_ACTIVE_ARCH = YES;
				SDKROOT = iphoneos;
				SWIFT_ACTIVE_COMPILATION_CONDITIONS = DEBUG;
				SWIFT_OPTIMIZATION_LEVEL = "-Onone";
			};
			name = Debug;
		};
		163063352A0A18DA009E6428 /* Release */ = {
			isa = XCBuildConfiguration;
			buildSettings = {
				ALWAYS_SEARCH_USER_PATHS = NO;
				CLANG_ANALYZER_NONNULL = YES;
				CLANG_ANALYZER_NUMBER_OBJECT_CONVERSION = YES_AGGRESSIVE;
				CLANG_CXX_LANGUAGE_STANDARD = "gnu++20";
				CLANG_ENABLE_MODULES = YES;
				CLANG_ENABLE_OBJC_ARC = YES;
				CLANG_ENABLE_OBJC_WEAK = YES;
				CLANG_WARN_BLOCK_CAPTURE_AUTORELEASING = YES;
				CLANG_WARN_BOOL_CONVERSION = YES;
				CLANG_WARN_COMMA = YES;
				CLANG_WARN_CONSTANT_CONVERSION = YES;
				CLANG_WARN_DEPRECATED_OBJC_IMPLEMENTATIONS = YES;
				CLANG_WARN_DIRECT_OBJC_ISA_USAGE = YES_ERROR;
				CLANG_WARN_DOCUMENTATION_COMMENTS = YES;
				CLANG_WARN_EMPTY_BODY = YES;
				CLANG_WARN_ENUM_CONVERSION = YES;
				CLANG_WARN_INFINITE_RECURSION = YES;
				CLANG_WARN_INT_CONVERSION = YES;
				CLANG_WARN_NON_LITERAL_NULL_CONVERSION = YES;
				CLANG_WARN_OBJC_IMPLICIT_RETAIN_SELF = YES;
				CLANG_WARN_OBJC_LITERAL_CONVERSION = YES;
				CLANG_WARN_OBJC_ROOT_CLASS = YES_ERROR;
				CLANG_WARN_QUOTED_INCLUDE_IN_FRAMEWORK_HEADER = YES;
				CLANG_WARN_RANGE_LOOP_ANALYSIS = YES;
				CLANG_WARN_STRICT_PROTOTYPES = YES;
				CLANG_WARN_SUSPICIOUS_MOVE = YES;
				CLANG_WARN_UNGUARDED_AVAILABILITY = YES_AGGRESSIVE;
				CLANG_WARN_UNREACHABLE_CODE = YES;
				CLANG_WARN__DUPLICATE_METHOD_MATCH = YES;
				COPY_PHASE_STRIP = NO;
				DEBUG_INFORMATION_FORMAT = "dwarf-with-dsym";
				ENABLE_NS_ASSERTIONS = NO;
				ENABLE_STRICT_OBJC_MSGSEND = YES;
				GCC_C_LANGUAGE_STANDARD = gnu11;
				GCC_NO_COMMON_BLOCKS = YES;
				GCC_WARN_64_TO_32_BIT_CONVERSION = YES;
				GCC_WARN_ABOUT_RETURN_TYPE = YES_ERROR;
				GCC_WARN_UNDECLARED_SELECTOR = YES;
				GCC_WARN_UNINITIALIZED_AUTOS = YES_AGGRESSIVE;
				GCC_WARN_UNUSED_FUNCTION = YES;
				GCC_WARN_UNUSED_VARIABLE = YES;
				IPHONEOS_DEPLOYMENT_TARGET = 16.2;
				MTL_ENABLE_DEBUG_INFO = NO;
				MTL_FAST_MATH = YES;
				SDKROOT = iphoneos;
				SWIFT_COMPILATION_MODE = wholemodule;
				SWIFT_OPTIMIZATION_LEVEL = "-O";
				VALIDATE_PRODUCT = YES;
			};
			name = Release;
		};
		163063372A0A18DA009E6428 /* Debug */ = {
			isa = XCBuildConfiguration;
			buildSettings = {
				ASSETCATALOG_COMPILER_APPICON_NAME = AppIcon;
				ASSETCATALOG_COMPILER_GLOBAL_ACCENT_COLOR_NAME = AccentColor;
				CODE_SIGN_STYLE = Automatic;
				CURRENT_PROJECT_VERSION = 1;
				DEVELOPMENT_TEAM = ARJXUTB326;
				GENERATE_INFOPLIST_FILE = YES;
				INFOPLIST_FILE = ExpenseTracker/Info.plist;
				INFOPLIST_KEY_LSApplicationCategoryType = "";
				INFOPLIST_KEY_UIApplicationSupportsIndirectInputEvents = YES;
				INFOPLIST_KEY_UILaunchStoryboardName = LaunchScreen;
				INFOPLIST_KEY_UISupportedInterfaceOrientations_iPad = "UIInterfaceOrientationPortrait UIInterfaceOrientationPortraitUpsideDown UIInterfaceOrientationLandscapeLeft UIInterfaceOrientationLandscapeRight";
				INFOPLIST_KEY_UISupportedInterfaceOrientations_iPhone = "UIInterfaceOrientationPortrait UIInterfaceOrientationLandscapeLeft UIInterfaceOrientationLandscapeRight";
				IPHONEOS_DEPLOYMENT_TARGET = 16.0;
				LD_RUNPATH_SEARCH_PATHS = (
					"$(inherited)",
					"@executable_path/Frameworks",
				);
				MARKETING_VERSION = 1.0;
				PRODUCT_BUNDLE_IDENTIFIER = test.ExpenseTracker;
				PRODUCT_NAME = "$(TARGET_NAME)";
				SWIFT_EMIT_LOC_STRINGS = YES;
				SWIFT_VERSION = 5.0;
				TARGETED_DEVICE_FAMILY = "1,2";
			};
			name = Debug;
		};
		163063382A0A18DA009E6428 /* Release */ = {
			isa = XCBuildConfiguration;
			buildSettings = {
				ASSETCATALOG_COMPILER_APPICON_NAME = AppIcon;
				ASSETCATALOG_COMPILER_GLOBAL_ACCENT_COLOR_NAME = AccentColor;
				CODE_SIGN_STYLE = Automatic;
				CURRENT_PROJECT_VERSION = 1;
				DEVELOPMENT_TEAM = ARJXUTB326;
				GENERATE_INFOPLIST_FILE = YES;
				INFOPLIST_FILE = ExpenseTracker/Info.plist;
				INFOPLIST_KEY_LSApplicationCategoryType = "";
				INFOPLIST_KEY_UIApplicationSupportsIndirectInputEvents = YES;
				INFOPLIST_KEY_UILaunchStoryboardName = LaunchScreen;
				INFOPLIST_KEY_UISupportedInterfaceOrientations_iPad = "UIInterfaceOrientationPortrait UIInterfaceOrientationPortraitUpsideDown UIInterfaceOrientationLandscapeLeft UIInterfaceOrientationLandscapeRight";
				INFOPLIST_KEY_UISupportedInterfaceOrientations_iPhone = "UIInterfaceOrientationPortrait UIInterfaceOrientationLandscapeLeft UIInterfaceOrientationLandscapeRight";
				IPHONEOS_DEPLOYMENT_TARGET = 16.0;
				LD_RUNPATH_SEARCH_PATHS = (
					"$(inherited)",
					"@executable_path/Frameworks",
				);
				MARKETING_VERSION = 1.0;
				PRODUCT_BUNDLE_IDENTIFIER = test.ExpenseTracker;
				PRODUCT_NAME = "$(TARGET_NAME)";
				SWIFT_EMIT_LOC_STRINGS = YES;
				SWIFT_VERSION = 5.0;
				TARGETED_DEVICE_FAMILY = "1,2";
			};
			name = Release;
		};
/* End XCBuildConfiguration section */

/* Begin XCConfigurationList section */
		1630631A2A0A18D9009E6428 /* Build configuration list for PBXProject "ExpenseTracker" */ = {
			isa = XCConfigurationList;
			buildConfigurations = (
				163063342A0A18DA009E6428 /* Debug */,
				163063352A0A18DA009E6428 /* Release */,
			);
			defaultConfigurationIsVisible = 0;
			defaultConfigurationName = Release;
		};
		163063362A0A18DA009E6428 /* Build configuration list for PBXNativeTarget "ExpenseTracker" */ = {
			isa = XCConfigurationList;
			buildConfigurations = (
				163063372A0A18DA009E6428 /* Debug */,
				163063382A0A18DA009E6428 /* Release */,
			);
			defaultConfigurationIsVisible = 0;
			defaultConfigurationName = Release;
		};
/* End XCConfigurationList section */

/* Begin XCVersionGroup section */
		1630632B2A0A18D9009E6428 /* ExpenseTracker.xcdatamodeld */ = {
			isa = XCVersionGroup;
			children = (
				1630632C2A0A18D9009E6428 /* ExpenseTracker.xcdatamodel */,
			);
			currentVersion = 1630632C2A0A18D9009E6428 /* ExpenseTracker.xcdatamodel */;
			path = ExpenseTracker.xcdatamodeld;
			sourceTree = "<group>";
			versionGroupType = wrapper.xcdatamodel;
		};
/* End XCVersionGroup section */
	};
	rootObject = 163063172A0A18D9009E6428 /* Project object */;
}
